{
  "name": "testir",
  "version": "1.0.0",
  "lockfileVersion": 2,
  "requires": true,
  "packages": {
    "": {
      "name": "testir",
      "version": "1.0.0",
      "license": "ISC",
      "dependencies": {
        "lirc_node": "^0.0.4"
      }
    },
    "node_modules/lirc_node": {
      "version": "0.0.4",
      "resolved": "https://registry.npmjs.org/lirc_node/-/lirc_node-0.0.4.tgz",
      "integrity": "sha1-+GpRZE2hIMj5L0rhUZxVspWmp4c="
    }
  },
  "dependencies": {
    "lirc_node": {
      "version": "0.0.4",
      "resolved": "https://registry.npmjs.org/lirc_node/-/lirc_node-0.0.4.tgz",
      "integrity": "sha1-+GpRZE2hIMj5L0rhUZxVspWmp4c="
    }
  }
}
